
Microsoft Visual Studio Solution File, Format Version 12.00
# Visual Studio 14
VisualStudioVersion = 14.0.25420.1
MinimumVisualStudioVersion = 10.0.40219.1
Project("{FAE04EC0-301F-11D3-BF4B-00C04F79EFBC}") = "UrlsAndRoutes", "UrlsAndRoutes\UrlsAndRoutes.csproj", "{8AB6EF3D-7515-487B-BF43-AB19E8BE25F2}"
EndProject
Project("{FAE04EC0-301F-11D3-BF4B-00C04F79EFBC}") = "UrlsAndRoutes.Tests", "UrlsAndRoutes.Tests\UrlsAndRoutes.Tests.csproj", "{CEB25C6C-51FE-4C57-A396-3611A4C81D7C}"
EndProject
Global
	GlobalSection(SolutionConfigurationPlatforms) = preSolution
		Debug|Any CPU = Debug|Any CPU
		Release|Any CPU = Release|Any CPU
	EndGlobalSection
	GlobalSection(ProjectConfigurationPlatforms) = postSolution
		{8AB6EF3D-7515-487B-BF43-AB19E8BE25F2}.Debug|Any CPU.ActiveCfg = Debug|Any CPU
		{8AB6EF3D-7515-487B-BF43-AB19E8BE25F2}.Debug|Any CPU.Build.0 = Debug|Any CPU
		{8AB6EF3D-7515-487B-BF43-AB19E8BE25F2}.Release|Any CPU.ActiveCfg = Release|Any CPU
		{8AB6EF3D-7515-487B-BF43-AB19E8BE25F2}.Release|Any CPU.Build.0 = Release|Any CPU
		{CEB25C6C-51FE-4C57-A396-3611A4C81D7C}.Debug|Any CPU.ActiveCfg = Debug|Any CPU
		{CEB25C6C-51FE-4C57-A396-3611A4C81D7C}.Debug|Any CPU.Build.0 = Debug|Any CPU
		{CEB25C6C-51FE-4C57-A396-3611A4C81D7C}.Release|Any CPU.ActiveCfg = Release|Any CPU
		{CEB25C6C-51FE-4C57-A396-3611A4C81D7C}.Release|Any CPU.Build.0 = Release|Any CPU
	EndGlobalSection
	GlobalSection(SolutionProperties) = preSolution
		HideSolutionNode = FALSE
	EndGlobalSection
EndGlobal
